
Microsoft Visual Studio Solution File, Format Version 12.00
# Visual Studio Version 17
VisualStudioVersion = 17.4.33213.308
MinimumVisualStudioVersion = 10.0.40219.1
Project("{9A19103F-16F7-4668-BE54-9A1E7A4F7556}") = "Workio", "Workio\Workio.csproj", "{24368EF4-6BE2-40C3-9C13-60F8423FD0F9}"
EndProject
Project("{9A19103F-16F7-4668-BE54-9A1E7A4F7556}") = "Workio.Tests", "Workio.Tests\Workio.Tests.csproj", "{D1455D6A-796F-414B-A164-92208B7D68E5}"
EndProject
Project("{2150E333-8FDC-42A3-9474-1A3956D46DE8}") = "Solution Items", "Solution Items", "{80229766-26BE-4BBF-9374-F241846C9A98}"
	ProjectSection(SolutionItems) = preProject
		test.runsettings = test.runsettings
	EndProjectSection
EndProject
Project("{FAE04EC0-301F-11D3-BF4B-00C04F79EFBC}") = "Workio.AutomationTests", "Workio.AutomationTests\Workio.AutomationTests.csproj", "{0F8A7900-41E0-43C8-869B-B6CB129A9A74}"
EndProject
Global
	GlobalSection(SolutionConfigurationPlatforms) = preSolution
		Debug|Any CPU = Debug|Any CPU
		Release|Any CPU = Release|Any CPU
	EndGlobalSection
	GlobalSection(ProjectConfigurationPlatforms) = postSolution
		{24368EF4-6BE2-40C3-9C13-60F8423FD0F9}.Debug|Any CPU.ActiveCfg = Debug|Any CPU
		{24368EF4-6BE2-40C3-9C13-60F8423FD0F9}.Debug|Any CPU.Build.0 = Debug|Any CPU
		{24368EF4-6BE2-40C3-9C13-60F8423FD0F9}.Release|Any CPU.ActiveCfg = Release|Any CPU
		{24368EF4-6BE2-40C3-9C13-60F8423FD0F9}.Release|Any CPU.Build.0 = Release|Any CPU
		{D1455D6A-796F-414B-A164-92208B7D68E5}.Debug|Any CPU.ActiveCfg = Debug|Any CPU
		{D1455D6A-796F-414B-A164-92208B7D68E5}.Debug|Any CPU.Build.0 = Debug|Any CPU
		{D1455D6A-796F-414B-A164-92208B7D68E5}.Release|Any CPU.ActiveCfg = Release|Any CPU
		{D1455D6A-796F-414B-A164-92208B7D68E5}.Release|Any CPU.Build.0 = Release|Any CPU
		{0F8A7900-41E0-43C8-869B-B6CB129A9A74}.Debug|Any CPU.ActiveCfg = Debug|Any CPU
		{0F8A7900-41E0-43C8-869B-B6CB129A9A74}.Debug|Any CPU.Build.0 = Debug|Any CPU
		{0F8A7900-41E0-43C8-869B-B6CB129A9A74}.Release|Any CPU.ActiveCfg = Release|Any CPU
		{0F8A7900-41E0-43C8-869B-B6CB129A9A74}.Release|Any CPU.Build.0 = Release|Any CPU
	EndGlobalSection
	GlobalSection(SolutionProperties) = preSolution
		HideSolutionNode = FALSE
	EndGlobalSection
	GlobalSection(ExtensibilityGlobals) = postSolution
		SolutionGuid = {11AC9561-5943-47E1-9828-0CF9C84DAE5E}
	EndGlobalSection
EndGlobal
